
Microsoft Visual Studio Solution File, Format Version 12.00
Project("{FAE04EC0-301F-11D3-BF4B-00C04F79EFBC}") = "hospital-api", "hospital-api\hospital-api.csproj", "{31A3A276-74D6-417C-A5D8-0044171912BD}"
EndProject
Global
	GlobalSection(SolutionConfigurationPlatforms) = preSolution
		Debug|Any CPU = Debug|Any CPU
		Release|Any CPU = Release|Any CPU
	EndGlobalSection
	GlobalSection(ProjectConfigurationPlatforms) = postSolution
		{31A3A276-74D6-417C-A5D8-0044171912BD}.Debug|Any CPU.ActiveCfg = Debug|Any CPU
		{31A3A276-74D6-417C-A5D8-0044171912BD}.Debug|Any CPU.Build.0 = Debug|Any CPU
		{31A3A276-74D6-417C-A5D8-0044171912BD}.Release|Any CPU.ActiveCfg = Release|Any CPU
		{31A3A276-74D6-417C-A5D8-0044171912BD}.Release|Any CPU.Build.0 = Release|Any CPU
	EndGlobalSection
EndGlobal
